{
  "name": "grafos",
  "lockfileVersion": 2,
  "requires": true,
  "packages": {
    "": {
      "dependencies": {
        "igraph": "^0.1.11"
      }
    },
    "node_modules/igraph": {
      "version": "0.1.11",
      "resolved": "https://registry.npmjs.org/igraph/-/igraph-0.1.11.tgz",
      "integrity": "sha512-LOSLmPbi91PbbxhvLub12YHUJP6nHIYMy6i+tCZJyWw+f0o0yBooE92uTVHCFxkJaXa4pBJ+4fgGlbPYhUlDkQ==",
      "dependencies": {
        "jquery": "^2.1.4",
        "three": "^0.71.0"
      }
    },
    "node_modules/jquery": {
      "version": "2.2.4",
      "resolved": "https://registry.npmjs.org/jquery/-/jquery-2.2.4.tgz",
      "integrity": "sha512-lBHj60ezci2u1v2FqnZIraShGgEXq35qCzMv4lITyHGppTnA13rwR0MgwyNJh9TnDs3aXUvd1xjAotfraMHX/Q=="
    },
    "node_modules/three": {
      "version": "0.71.1",
      "resolved": "https://registry.npmjs.org/three/-/three-0.71.1.tgz",
      "integrity": "sha512-HbwWbh8WCptfFmOCrI5V1C96H6xNaQxtWQ1PkPNIPzt5S2gbBbEDnimFlN84UaGpKcCHqWKYWJNdnjn+74FODQ==",
      "engines": {
        "node": "*"
      }
    }
  },
  "dependencies": {
    "igraph": {
      "version": "0.1.11",
      "resolved": "https://registry.npmjs.org/igraph/-/igraph-0.1.11.tgz",
      "integrity": "sha512-LOSLmPbi91PbbxhvLub12YHUJP6nHIYMy6i+tCZJyWw+f0o0yBooE92uTVHCFxkJaXa4pBJ+4fgGlbPYhUlDkQ==",
      "requires": {
        "jquery": "^2.1.4",
        "three": "^0.71.0"
      }
    },
    "jquery": {
      "version": "2.2.4",
      "resolved": "https://registry.npmjs.org/jquery/-/jquery-2.2.4.tgz",
      "integrity": "sha512-lBHj60ezci2u1v2FqnZIraShGgEXq35qCzMv4lITyHGppTnA13rwR0MgwyNJh9TnDs3aXUvd1xjAotfraMHX/Q=="
    },
    "three": {
      "version": "0.71.1",
      "resolved": "https://registry.npmjs.org/three/-/three-0.71.1.tgz",
      "integrity": "sha512-HbwWbh8WCptfFmOCrI5V1C96H6xNaQxtWQ1PkPNIPzt5S2gbBbEDnimFlN84UaGpKcCHqWKYWJNdnjn+74FODQ=="
    }
  }
}
